
Microsoft Visual Studio Solution File, Format Version 12.00
# Visual Studio 14
VisualStudioVersion = 14.0.25420.1
MinimumVisualStudioVersion = 10.0.40219.1
Project("{FAE04EC0-301F-11D3-BF4B-00C04F79EFBC}") = "Odd Lines", "Odd Lines\Odd Lines.csproj", "{C4720FAA-FA3B-4C14-90E7-06F535639130}"
EndProject
Project("{FAE04EC0-301F-11D3-BF4B-00C04F79EFBC}") = "Line Numbers", "Line Numbers\Line Numbers.csproj", "{5C3D4380-A5A2-48BE-BAED-F718A69FA9E3}"
EndProject
Project("{FAE04EC0-301F-11D3-BF4B-00C04F79EFBC}") = "Word Count", "Word Count\Word Count.csproj", "{9DD24736-309A-4556-BFDB-A3D961403FEC}"
EndProject
Project("{FAE04EC0-301F-11D3-BF4B-00C04F79EFBC}") = "Merge Files", "Merge Files\Merge Files.csproj", "{62F66936-51F4-4D01-BD1F-8265F943A8F2}"
EndProject
Project("{FAE04EC0-301F-11D3-BF4B-00C04F79EFBC}") = "Folder Size", "Folder Size\Folder Size.csproj", "{979A571A-8323-4D49-90AA-7792944FB9D4}"
EndProject
Global
	GlobalSection(SolutionConfigurationPlatforms) = preSolution
		Debug|Any CPU = Debug|Any CPU
		Release|Any CPU = Release|Any CPU
	EndGlobalSection
	GlobalSection(ProjectConfigurationPlatforms) = postSolution
		{C4720FAA-FA3B-4C14-90E7-06F535639130}.Debug|Any CPU.ActiveCfg = Debug|Any CPU
		{C4720FAA-FA3B-4C14-90E7-06F535639130}.Debug|Any CPU.Build.0 = Debug|Any CPU
		{C4720FAA-FA3B-4C14-90E7-06F535639130}.Release|Any CPU.ActiveCfg = Release|Any CPU
		{C4720FAA-FA3B-4C14-90E7-06F535639130}.Release|Any CPU.Build.0 = Release|Any CPU
		{5C3D4380-A5A2-48BE-BAED-F718A69FA9E3}.Debug|Any CPU.ActiveCfg = Debug|Any CPU
		{5C3D4380-A5A2-48BE-BAED-F718A69FA9E3}.Debug|Any CPU.Build.0 = Debug|Any CPU
		{5C3D4380-A5A2-48BE-BAED-F718A69FA9E3}.Release|Any CPU.ActiveCfg = Release|Any CPU
		{5C3D4380-A5A2-48BE-BAED-F718A69FA9E3}.Release|Any CPU.Build.0 = Release|Any CPU
		{9DD24736-309A-4556-BFDB-A3D961403FEC}.Debug|Any CPU.ActiveCfg = Debug|Any CPU
		{9DD24736-309A-4556-BFDB-A3D961403FEC}.Debug|Any CPU.Build.0 = Debug|Any CPU
		{9DD24736-309A-4556-BFDB-A3D961403FEC}.Release|Any CPU.ActiveCfg = Release|Any CPU
		{9DD24736-309A-4556-BFDB-A3D961403FEC}.Release|Any CPU.Build.0 = Release|Any CPU
		{62F66936-51F4-4D01-BD1F-8265F943A8F2}.Debug|Any CPU.ActiveCfg = Debug|Any CPU
		{62F66936-51F4-4D01-BD1F-8265F943A8F2}.Debug|Any CPU.Build.0 = Debug|Any CPU
		{62F66936-51F4-4D01-BD1F-8265F943A8F2}.Release|Any CPU.ActiveCfg = Release|Any CPU
		{62F66936-51F4-4D01-BD1F-8265F943A8F2}.Release|Any CPU.Build.0 = Release|Any CPU
		{979A571A-8323-4D49-90AA-7792944FB9D4}.Debug|Any CPU.ActiveCfg = Debug|Any CPU
		{979A571A-8323-4D49-90AA-7792944FB9D4}.Debug|Any CPU.Build.0 = Debug|Any CPU
		{979A571A-8323-4D49-90AA-7792944FB9D4}.Release|Any CPU.ActiveCfg = Release|Any CPU
		{979A571A-8323-4D49-90AA-7792944FB9D4}.Release|Any CPU.Build.0 = Release|Any CPU
	EndGlobalSection
	GlobalSection(SolutionProperties) = preSolution
		HideSolutionNode = FALSE
	EndGlobalSection
EndGlobal
