
Microsoft Visual Studio Solution File, Format Version 12.00
# Visual Studio 14
VisualStudioVersion = 14.0.25420.1
MinimumVisualStudioVersion = 10.0.40219.1
Project("{FAE04EC0-301F-11D3-BF4B-00C04F79EFBC}") = "Replace a tag", "Replace a tag\Replace a tag.csproj", "{521C46F8-DC46-45AD-9FBC-DBDA9142C7D8}"
EndProject
Project("{FAE04EC0-301F-11D3-BF4B-00C04F79EFBC}") = "Match full name", "Match full name\Match full name.csproj", "{18DEF86A-A948-4BD2-B3C5-30F5224633E7}"
EndProject
Project("{FAE04EC0-301F-11D3-BF4B-00C04F79EFBC}") = "Match phone number", "Match phone number\Match phone number.csproj", "{BA949B5E-A540-407C-8F3E-AB2FCA47EEFF}"
EndProject
Global
	GlobalSection(SolutionConfigurationPlatforms) = preSolution
		Debug|Any CPU = Debug|Any CPU
		Release|Any CPU = Release|Any CPU
	EndGlobalSection
	GlobalSection(ProjectConfigurationPlatforms) = postSolution
		{521C46F8-DC46-45AD-9FBC-DBDA9142C7D8}.Debug|Any CPU.ActiveCfg = Debug|Any CPU
		{521C46F8-DC46-45AD-9FBC-DBDA9142C7D8}.Debug|Any CPU.Build.0 = Debug|Any CPU
		{521C46F8-DC46-45AD-9FBC-DBDA9142C7D8}.Release|Any CPU.ActiveCfg = Release|Any CPU
		{521C46F8-DC46-45AD-9FBC-DBDA9142C7D8}.Release|Any CPU.Build.0 = Release|Any CPU
		{18DEF86A-A948-4BD2-B3C5-30F5224633E7}.Debug|Any CPU.ActiveCfg = Debug|Any CPU
		{18DEF86A-A948-4BD2-B3C5-30F5224633E7}.Debug|Any CPU.Build.0 = Debug|Any CPU
		{18DEF86A-A948-4BD2-B3C5-30F5224633E7}.Release|Any CPU.ActiveCfg = Release|Any CPU
		{18DEF86A-A948-4BD2-B3C5-30F5224633E7}.Release|Any CPU.Build.0 = Release|Any CPU
		{BA949B5E-A540-407C-8F3E-AB2FCA47EEFF}.Debug|Any CPU.ActiveCfg = Debug|Any CPU
		{BA949B5E-A540-407C-8F3E-AB2FCA47EEFF}.Debug|Any CPU.Build.0 = Debug|Any CPU
		{BA949B5E-A540-407C-8F3E-AB2FCA47EEFF}.Release|Any CPU.ActiveCfg = Release|Any CPU
		{BA949B5E-A540-407C-8F3E-AB2FCA47EEFF}.Release|Any CPU.Build.0 = Release|Any CPU
	EndGlobalSection
	GlobalSection(SolutionProperties) = preSolution
		HideSolutionNode = FALSE
	EndGlobalSection
EndGlobal
