
Microsoft Visual Studio Solution File, Format Version 12.00
# Visual Studio 14
VisualStudioVersion = 14.0.25420.1
MinimumVisualStudioVersion = 10.0.40219.1
Project("{FAE04EC0-301F-11D3-BF4B-00C04F79EFBC}") = "01. Class Box", "01. Class Box\01. Class Box.csproj", "{76F87984-13A3-4ABC-83BC-867867E37704}"
EndProject
Project("{FAE04EC0-301F-11D3-BF4B-00C04F79EFBC}") = "03. Animal Farm", "03. Animal Farm\03. Animal Farm.csproj", "{6FEC5ECB-2DCD-4267-B4DC-7788849AEC0B}"
EndProject
Project("{FAE04EC0-301F-11D3-BF4B-00C04F79EFBC}") = "04. Shopping Spree", "04. Shopping Spree\04. Shopping Spree.csproj", "{61E2592B-67BF-4B9B-9F37-FE2784D21590}"
EndProject
Project("{FAE04EC0-301F-11D3-BF4B-00C04F79EFBC}") = "05. Pizza Calories", "05. Pizza Calories\05. Pizza Calories.csproj", "{7BD6CD4A-698E-4552-BD49-8F7C6D267DD9}"
EndProject
Global
	GlobalSection(SolutionConfigurationPlatforms) = preSolution
		Debug|Any CPU = Debug|Any CPU
		Release|Any CPU = Release|Any CPU
	EndGlobalSection
	GlobalSection(ProjectConfigurationPlatforms) = postSolution
		{76F87984-13A3-4ABC-83BC-867867E37704}.Debug|Any CPU.ActiveCfg = Debug|Any CPU
		{76F87984-13A3-4ABC-83BC-867867E37704}.Debug|Any CPU.Build.0 = Debug|Any CPU
		{76F87984-13A3-4ABC-83BC-867867E37704}.Release|Any CPU.ActiveCfg = Release|Any CPU
		{76F87984-13A3-4ABC-83BC-867867E37704}.Release|Any CPU.Build.0 = Release|Any CPU
		{6FEC5ECB-2DCD-4267-B4DC-7788849AEC0B}.Debug|Any CPU.ActiveCfg = Debug|Any CPU
		{6FEC5ECB-2DCD-4267-B4DC-7788849AEC0B}.Debug|Any CPU.Build.0 = Debug|Any CPU
		{6FEC5ECB-2DCD-4267-B4DC-7788849AEC0B}.Release|Any CPU.ActiveCfg = Release|Any CPU
		{6FEC5ECB-2DCD-4267-B4DC-7788849AEC0B}.Release|Any CPU.Build.0 = Release|Any CPU
		{61E2592B-67BF-4B9B-9F37-FE2784D21590}.Debug|Any CPU.ActiveCfg = Debug|Any CPU
		{61E2592B-67BF-4B9B-9F37-FE2784D21590}.Debug|Any CPU.Build.0 = Debug|Any CPU
		{61E2592B-67BF-4B9B-9F37-FE2784D21590}.Release|Any CPU.ActiveCfg = Release|Any CPU
		{61E2592B-67BF-4B9B-9F37-FE2784D21590}.Release|Any CPU.Build.0 = Release|Any CPU
		{7BD6CD4A-698E-4552-BD49-8F7C6D267DD9}.Debug|Any CPU.ActiveCfg = Debug|Any CPU
		{7BD6CD4A-698E-4552-BD49-8F7C6D267DD9}.Debug|Any CPU.Build.0 = Debug|Any CPU
		{7BD6CD4A-698E-4552-BD49-8F7C6D267DD9}.Release|Any CPU.ActiveCfg = Release|Any CPU
		{7BD6CD4A-698E-4552-BD49-8F7C6D267DD9}.Release|Any CPU.Build.0 = Release|Any CPU
	EndGlobalSection
	GlobalSection(SolutionProperties) = preSolution
		HideSolutionNode = FALSE
	EndGlobalSection
EndGlobal
