
Microsoft Visual Studio Solution File, Format Version 12.00
# Visual Studio 14
VisualStudioVersion = 14.0.25420.1
MinimumVisualStudioVersion = 10.0.40219.1
Project("{FAE04EC0-301F-11D3-BF4B-00C04F79EFBC}") = "1. Shapes", "1. Shapes\1. Shapes.csproj", "{1C005D71-DDC1-4FB0-A513-12FEE6E5395B}"
EndProject
Project("{FAE04EC0-301F-11D3-BF4B-00C04F79EFBC}") = "2. Cars", "2. Cars\2. Cars.csproj", "{522C10A6-775A-4F63-8403-23F26E94A0DF}"
EndProject
Global
	GlobalSection(SolutionConfigurationPlatforms) = preSolution
		Debug|Any CPU = Debug|Any CPU
		Release|Any CPU = Release|Any CPU
	EndGlobalSection
	GlobalSection(ProjectConfigurationPlatforms) = postSolution
		{1C005D71-DDC1-4FB0-A513-12FEE6E5395B}.Debug|Any CPU.ActiveCfg = Debug|Any CPU
		{1C005D71-DDC1-4FB0-A513-12FEE6E5395B}.Debug|Any CPU.Build.0 = Debug|Any CPU
		{1C005D71-DDC1-4FB0-A513-12FEE6E5395B}.Release|Any CPU.ActiveCfg = Release|Any CPU
		{1C005D71-DDC1-4FB0-A513-12FEE6E5395B}.Release|Any CPU.Build.0 = Release|Any CPU
		{522C10A6-775A-4F63-8403-23F26E94A0DF}.Debug|Any CPU.ActiveCfg = Debug|Any CPU
		{522C10A6-775A-4F63-8403-23F26E94A0DF}.Debug|Any CPU.Build.0 = Debug|Any CPU
		{522C10A6-775A-4F63-8403-23F26E94A0DF}.Release|Any CPU.ActiveCfg = Release|Any CPU
		{522C10A6-775A-4F63-8403-23F26E94A0DF}.Release|Any CPU.Build.0 = Release|Any CPU
	EndGlobalSection
	GlobalSection(SolutionProperties) = preSolution
		HideSolutionNode = FALSE
	EndGlobalSection
EndGlobal
