
Microsoft Visual Studio Solution File, Format Version 12.00
# Visual Studio 14
VisualStudioVersion = 14.0.25420.1
MinimumVisualStudioVersion = 10.0.40219.1
Project("{FAE04EC0-301F-11D3-BF4B-00C04F79EFBC}") = "StartUp", "StartUp\StartUp.csproj", "{C1D4C078-DCCE-417B-91D7-5C9CEDD2B5F8}"
EndProject
Project("{FAE04EC0-301F-11D3-BF4B-00C04F79EFBC}") = "Library", "Library\Library.csproj", "{D3FE3299-6160-4D38-9F17-5968FFBBE5CE}"
EndProject
Global
	GlobalSection(SolutionConfigurationPlatforms) = preSolution
		Debug|Any CPU = Debug|Any CPU
		Release|Any CPU = Release|Any CPU
	EndGlobalSection
	GlobalSection(ProjectConfigurationPlatforms) = postSolution
		{C1D4C078-DCCE-417B-91D7-5C9CEDD2B5F8}.Debug|Any CPU.ActiveCfg = Debug|Any CPU
		{C1D4C078-DCCE-417B-91D7-5C9CEDD2B5F8}.Debug|Any CPU.Build.0 = Debug|Any CPU
		{C1D4C078-DCCE-417B-91D7-5C9CEDD2B5F8}.Release|Any CPU.ActiveCfg = Release|Any CPU
		{C1D4C078-DCCE-417B-91D7-5C9CEDD2B5F8}.Release|Any CPU.Build.0 = Release|Any CPU
		{D3FE3299-6160-4D38-9F17-5968FFBBE5CE}.Debug|Any CPU.ActiveCfg = Debug|Any CPU
		{D3FE3299-6160-4D38-9F17-5968FFBBE5CE}.Debug|Any CPU.Build.0 = Debug|Any CPU
		{D3FE3299-6160-4D38-9F17-5968FFBBE5CE}.Release|Any CPU.ActiveCfg = Release|Any CPU
		{D3FE3299-6160-4D38-9F17-5968FFBBE5CE}.Release|Any CPU.Build.0 = Release|Any CPU
	EndGlobalSection
	GlobalSection(SolutionProperties) = preSolution
		HideSolutionNode = FALSE
	EndGlobalSection
EndGlobal
