
Microsoft Visual Studio Solution File, Format Version 12.00
# Visual Studio 15
VisualStudioVersion = 15.0.27004.2002
MinimumVisualStudioVersion = 10.0.40219.1
Project("{FAE04EC0-301F-11D3-BF4B-00C04F79EFBC}") = "1. Code First Student System", "1. Code First Student System\1. Code First Student System.csproj", "{02D4D2B9-161F-48A1-8C63-D56F632533ED}"
EndProject
Project("{FAE04EC0-301F-11D3-BF4B-00C04F79EFBC}") = "Photos", "Photos\Photos.csproj", "{7323ACE8-0A45-444A-8ED4-9A7AD38D852A}"
EndProject
Global
	GlobalSection(SolutionConfigurationPlatforms) = preSolution
		Debug|Any CPU = Debug|Any CPU
		Release|Any CPU = Release|Any CPU
	EndGlobalSection
	GlobalSection(ProjectConfigurationPlatforms) = postSolution
		{02D4D2B9-161F-48A1-8C63-D56F632533ED}.Debug|Any CPU.ActiveCfg = Debug|Any CPU
		{02D4D2B9-161F-48A1-8C63-D56F632533ED}.Debug|Any CPU.Build.0 = Debug|Any CPU
		{02D4D2B9-161F-48A1-8C63-D56F632533ED}.Release|Any CPU.ActiveCfg = Release|Any CPU
		{02D4D2B9-161F-48A1-8C63-D56F632533ED}.Release|Any CPU.Build.0 = Release|Any CPU
		{7323ACE8-0A45-444A-8ED4-9A7AD38D852A}.Debug|Any CPU.ActiveCfg = Debug|Any CPU
		{7323ACE8-0A45-444A-8ED4-9A7AD38D852A}.Debug|Any CPU.Build.0 = Debug|Any CPU
		{7323ACE8-0A45-444A-8ED4-9A7AD38D852A}.Release|Any CPU.ActiveCfg = Release|Any CPU
		{7323ACE8-0A45-444A-8ED4-9A7AD38D852A}.Release|Any CPU.Build.0 = Release|Any CPU
	EndGlobalSection
	GlobalSection(SolutionProperties) = preSolution
		HideSolutionNode = FALSE
	EndGlobalSection
	GlobalSection(ExtensibilityGlobals) = postSolution
		SolutionGuid = {A3659724-E449-47F3-A013-1D42A9D8FF37}
	EndGlobalSection
EndGlobal
