
Microsoft Visual Studio Solution File, Format Version 12.00
# Visual Studio 14
VisualStudioVersion = 14.0.25420.1
MinimumVisualStudioVersion = 10.0.40219.1
Project("{FAE04EC0-301F-11D3-BF4B-00C04F79EFBC}") = "1. Reverse String", "1. Reverse String\1. Reverse String.csproj", "{9686AA92-A48B-451B-9B4B-8513FC482816}"
EndProject
Project("{FAE04EC0-301F-11D3-BF4B-00C04F79EFBC}") = "2. String Length", "2. String Length\2. String Length.csproj", "{C490A436-4EDF-49FB-AE1E-B833E4C5639D}"
EndProject
Project("{FAE04EC0-301F-11D3-BF4B-00C04F79EFBC}") = "3. Formatting Numbers", "3. Formatting Numbers\3. Formatting Numbers.csproj", "{16F394AC-D763-45B4-ACE0-D3B049F6FAC2}"
EndProject
Project("{FAE04EC0-301F-11D3-BF4B-00C04F79EFBC}") = "4. Convert from base-10 to base-N", "4. Convert from base-10 to base-N\4. Convert from base-10 to base-N.csproj", "{17AB5602-E7A5-4E43-B015-524A63F6EB4B}"
EndProject
Project("{FAE04EC0-301F-11D3-BF4B-00C04F79EFBC}") = "5. Convert from base-N to base-10", "5. Convert from base-N to base-10\5. Convert from base-N to base-10.csproj", "{08EB2FB7-BF11-4975-9CA2-7D8014A7D52D}"
EndProject
Project("{FAE04EC0-301F-11D3-BF4B-00C04F79EFBC}") = "6. Count Substring Occurrences", "6. Count Substring Occurrences\6. Count Substring Occurrences.csproj", "{6C850112-697C-43B8-B968-000DADBB2461}"
EndProject
Project("{FAE04EC0-301F-11D3-BF4B-00C04F79EFBC}") = "7. Sum big numbers", "7. Sum big numbers\7. Sum big numbers.csproj", "{4AEB160C-755C-4228-942A-AC697D81930F}"
EndProject
Project("{FAE04EC0-301F-11D3-BF4B-00C04F79EFBC}") = "8. Multiply big number", "8. Multiply big number\8. Multiply big number.csproj", "{875DAD9D-1C9A-494C-B49E-81CFDA81B61C}"
EndProject
Project("{FAE04EC0-301F-11D3-BF4B-00C04F79EFBC}") = "9. Text Filter", "9. Text Filter\9. Text Filter.csproj", "{ED3CE952-C128-4F01-BADF-3EEA83798C47}"
EndProject
Project("{FAE04EC0-301F-11D3-BF4B-00C04F79EFBC}") = "10. Unicode Characters", "10. Unicode Characters\10. Unicode Characters.csproj", "{A017A83A-AD42-481A-834E-BE28C2F0C2E6}"
EndProject
Project("{FAE04EC0-301F-11D3-BF4B-00C04F79EFBC}") = "11. Palindromes", "11. Palindromes\11. Palindromes.csproj", "{DC39D152-2BB9-47BA-856E-9CC0911368E3}"
EndProject
Project("{FAE04EC0-301F-11D3-BF4B-00C04F79EFBC}") = "12. Character Multiplier", "12. Character Multiplier\12. Character Multiplier.csproj", "{B5818137-889B-4DF0-AE71-6430EE126524}"
EndProject
Project("{FAE04EC0-301F-11D3-BF4B-00C04F79EFBC}") = "13. Magic exchangeable words", "13. Magic exchangeable words\13. Magic exchangeable words.csproj", "{A14AF3CC-493A-4C74-8174-00A27518CE92}"
EndProject
Project("{FAE04EC0-301F-11D3-BF4B-00C04F79EFBC}") = "14. Letters Change Numbers", "14. Letters Change Numbers\14. Letters Change Numbers.csproj", "{1F9B18DE-1D22-4D77-98FF-6C15DD0B9E6A}"
EndProject
Project("{FAE04EC0-301F-11D3-BF4B-00C04F79EFBC}") = "15.  Melrah Shake", "15.  Melrah Shake\15.  Melrah Shake.csproj", "{44233C64-AB37-45BB-BFDE-812B9CE4002A}"
EndProject
Project("{FAE04EC0-301F-11D3-BF4B-00C04F79EFBC}") = "16. Extract Hyperlinks", "16. Extract Hyperlinks\16. Extract Hyperlinks.csproj", "{56FB5EE6-AD03-4783-9A13-2BBD91258ED9}"
EndProject
Project("{FAE04EC0-301F-11D3-BF4B-00C04F79EFBC}") = "2. String Length vs2", "2. String Length vs2\2. String Length vs2.csproj", "{7672C90F-2C59-4E22-A0B6-0A0370CF31D3}"
EndProject
Global
	GlobalSection(SolutionConfigurationPlatforms) = preSolution
		Debug|Any CPU = Debug|Any CPU
		Release|Any CPU = Release|Any CPU
	EndGlobalSection
	GlobalSection(ProjectConfigurationPlatforms) = postSolution
		{9686AA92-A48B-451B-9B4B-8513FC482816}.Debug|Any CPU.ActiveCfg = Debug|Any CPU
		{9686AA92-A48B-451B-9B4B-8513FC482816}.Debug|Any CPU.Build.0 = Debug|Any CPU
		{9686AA92-A48B-451B-9B4B-8513FC482816}.Release|Any CPU.ActiveCfg = Release|Any CPU
		{9686AA92-A48B-451B-9B4B-8513FC482816}.Release|Any CPU.Build.0 = Release|Any CPU
		{C490A436-4EDF-49FB-AE1E-B833E4C5639D}.Debug|Any CPU.ActiveCfg = Debug|Any CPU
		{C490A436-4EDF-49FB-AE1E-B833E4C5639D}.Debug|Any CPU.Build.0 = Debug|Any CPU
		{C490A436-4EDF-49FB-AE1E-B833E4C5639D}.Release|Any CPU.ActiveCfg = Release|Any CPU
		{C490A436-4EDF-49FB-AE1E-B833E4C5639D}.Release|Any CPU.Build.0 = Release|Any CPU
		{16F394AC-D763-45B4-ACE0-D3B049F6FAC2}.Debug|Any CPU.ActiveCfg = Debug|Any CPU
		{16F394AC-D763-45B4-ACE0-D3B049F6FAC2}.Debug|Any CPU.Build.0 = Debug|Any CPU
		{16F394AC-D763-45B4-ACE0-D3B049F6FAC2}.Release|Any CPU.ActiveCfg = Release|Any CPU
		{16F394AC-D763-45B4-ACE0-D3B049F6FAC2}.Release|Any CPU.Build.0 = Release|Any CPU
		{17AB5602-E7A5-4E43-B015-524A63F6EB4B}.Debug|Any CPU.ActiveCfg = Debug|Any CPU
		{17AB5602-E7A5-4E43-B015-524A63F6EB4B}.Debug|Any CPU.Build.0 = Debug|Any CPU
		{17AB5602-E7A5-4E43-B015-524A63F6EB4B}.Release|Any CPU.ActiveCfg = Release|Any CPU
		{17AB5602-E7A5-4E43-B015-524A63F6EB4B}.Release|Any CPU.Build.0 = Release|Any CPU
		{08EB2FB7-BF11-4975-9CA2-7D8014A7D52D}.Debug|Any CPU.ActiveCfg = Debug|Any CPU
		{08EB2FB7-BF11-4975-9CA2-7D8014A7D52D}.Debug|Any CPU.Build.0 = Debug|Any CPU
		{08EB2FB7-BF11-4975-9CA2-7D8014A7D52D}.Release|Any CPU.ActiveCfg = Release|Any CPU
		{08EB2FB7-BF11-4975-9CA2-7D8014A7D52D}.Release|Any CPU.Build.0 = Release|Any CPU
		{6C850112-697C-43B8-B968-000DADBB2461}.Debug|Any CPU.ActiveCfg = Debug|Any CPU
		{6C850112-697C-43B8-B968-000DADBB2461}.Debug|Any CPU.Build.0 = Debug|Any CPU
		{6C850112-697C-43B8-B968-000DADBB2461}.Release|Any CPU.ActiveCfg = Release|Any CPU
		{6C850112-697C-43B8-B968-000DADBB2461}.Release|Any CPU.Build.0 = Release|Any CPU
		{4AEB160C-755C-4228-942A-AC697D81930F}.Debug|Any CPU.ActiveCfg = Debug|Any CPU
		{4AEB160C-755C-4228-942A-AC697D81930F}.Debug|Any CPU.Build.0 = Debug|Any CPU
		{4AEB160C-755C-4228-942A-AC697D81930F}.Release|Any CPU.ActiveCfg = Release|Any CPU
		{4AEB160C-755C-4228-942A-AC697D81930F}.Release|Any CPU.Build.0 = Release|Any CPU
		{875DAD9D-1C9A-494C-B49E-81CFDA81B61C}.Debug|Any CPU.ActiveCfg = Debug|Any CPU
		{875DAD9D-1C9A-494C-B49E-81CFDA81B61C}.Debug|Any CPU.Build.0 = Debug|Any CPU
		{875DAD9D-1C9A-494C-B49E-81CFDA81B61C}.Release|Any CPU.ActiveCfg = Release|Any CPU
		{875DAD9D-1C9A-494C-B49E-81CFDA81B61C}.Release|Any CPU.Build.0 = Release|Any CPU
		{ED3CE952-C128-4F01-BADF-3EEA83798C47}.Debug|Any CPU.ActiveCfg = Debug|Any CPU
		{ED3CE952-C128-4F01-BADF-3EEA83798C47}.Debug|Any CPU.Build.0 = Debug|Any CPU
		{ED3CE952-C128-4F01-BADF-3EEA83798C47}.Release|Any CPU.ActiveCfg = Release|Any CPU
		{ED3CE952-C128-4F01-BADF-3EEA83798C47}.Release|Any CPU.Build.0 = Release|Any CPU
		{A017A83A-AD42-481A-834E-BE28C2F0C2E6}.Debug|Any CPU.ActiveCfg = Debug|Any CPU
		{A017A83A-AD42-481A-834E-BE28C2F0C2E6}.Debug|Any CPU.Build.0 = Debug|Any CPU
		{A017A83A-AD42-481A-834E-BE28C2F0C2E6}.Release|Any CPU.ActiveCfg = Release|Any CPU
		{A017A83A-AD42-481A-834E-BE28C2F0C2E6}.Release|Any CPU.Build.0 = Release|Any CPU
		{DC39D152-2BB9-47BA-856E-9CC0911368E3}.Debug|Any CPU.ActiveCfg = Debug|Any CPU
		{DC39D152-2BB9-47BA-856E-9CC0911368E3}.Debug|Any CPU.Build.0 = Debug|Any CPU
		{DC39D152-2BB9-47BA-856E-9CC0911368E3}.Release|Any CPU.ActiveCfg = Release|Any CPU
		{DC39D152-2BB9-47BA-856E-9CC0911368E3}.Release|Any CPU.Build.0 = Release|Any CPU
		{B5818137-889B-4DF0-AE71-6430EE126524}.Debug|Any CPU.ActiveCfg = Debug|Any CPU
		{B5818137-889B-4DF0-AE71-6430EE126524}.Debug|Any CPU.Build.0 = Debug|Any CPU
		{B5818137-889B-4DF0-AE71-6430EE126524}.Release|Any CPU.ActiveCfg = Release|Any CPU
		{B5818137-889B-4DF0-AE71-6430EE126524}.Release|Any CPU.Build.0 = Release|Any CPU
		{A14AF3CC-493A-4C74-8174-00A27518CE92}.Debug|Any CPU.ActiveCfg = Debug|Any CPU
		{A14AF3CC-493A-4C74-8174-00A27518CE92}.Debug|Any CPU.Build.0 = Debug|Any CPU
		{A14AF3CC-493A-4C74-8174-00A27518CE92}.Release|Any CPU.ActiveCfg = Release|Any CPU
		{A14AF3CC-493A-4C74-8174-00A27518CE92}.Release|Any CPU.Build.0 = Release|Any CPU
		{1F9B18DE-1D22-4D77-98FF-6C15DD0B9E6A}.Debug|Any CPU.ActiveCfg = Debug|Any CPU
		{1F9B18DE-1D22-4D77-98FF-6C15DD0B9E6A}.Debug|Any CPU.Build.0 = Debug|Any CPU
		{1F9B18DE-1D22-4D77-98FF-6C15DD0B9E6A}.Release|Any CPU.ActiveCfg = Release|Any CPU
		{1F9B18DE-1D22-4D77-98FF-6C15DD0B9E6A}.Release|Any CPU.Build.0 = Release|Any CPU
		{44233C64-AB37-45BB-BFDE-812B9CE4002A}.Debug|Any CPU.ActiveCfg = Debug|Any CPU
		{44233C64-AB37-45BB-BFDE-812B9CE4002A}.Debug|Any CPU.Build.0 = Debug|Any CPU
		{44233C64-AB37-45BB-BFDE-812B9CE4002A}.Release|Any CPU.ActiveCfg = Release|Any CPU
		{44233C64-AB37-45BB-BFDE-812B9CE4002A}.Release|Any CPU.Build.0 = Release|Any CPU
		{56FB5EE6-AD03-4783-9A13-2BBD91258ED9}.Debug|Any CPU.ActiveCfg = Debug|Any CPU
		{56FB5EE6-AD03-4783-9A13-2BBD91258ED9}.Debug|Any CPU.Build.0 = Debug|Any CPU
		{56FB5EE6-AD03-4783-9A13-2BBD91258ED9}.Release|Any CPU.ActiveCfg = Release|Any CPU
		{56FB5EE6-AD03-4783-9A13-2BBD91258ED9}.Release|Any CPU.Build.0 = Release|Any CPU
		{7672C90F-2C59-4E22-A0B6-0A0370CF31D3}.Debug|Any CPU.ActiveCfg = Debug|Any CPU
		{7672C90F-2C59-4E22-A0B6-0A0370CF31D3}.Debug|Any CPU.Build.0 = Debug|Any CPU
		{7672C90F-2C59-4E22-A0B6-0A0370CF31D3}.Release|Any CPU.ActiveCfg = Release|Any CPU
		{7672C90F-2C59-4E22-A0B6-0A0370CF31D3}.Release|Any CPU.Build.0 = Release|Any CPU
	EndGlobalSection
	GlobalSection(SolutionProperties) = preSolution
		HideSolutionNode = FALSE
	EndGlobalSection
EndGlobal
