
Microsoft Visual Studio Solution File, Format Version 12.00
# Visual Studio 14
VisualStudioVersion = 14.0.25420.1
MinimumVisualStudioVersion = 10.0.40219.1
Project("{FAE04EC0-301F-11D3-BF4B-00C04F79EFBC}") = "Remove Negatives and Reverse", "Remove Negatives and Reverse\Remove Negatives and Reverse.csproj", "{51CE11C3-EB78-4BEA-9370-2794795E3518}"
EndProject
Project("{FAE04EC0-301F-11D3-BF4B-00C04F79EFBC}") = "Append Lists", "Append Lists\Append Lists.csproj", "{6E99E557-C243-47D8-A6D4-7713C99EC05B}"
EndProject
Project("{FAE04EC0-301F-11D3-BF4B-00C04F79EFBC}") = "Sum Adjacent Equal Numbers", "Sum Adjacent Equal Numbers\Sum Adjacent Equal Numbers.csproj", "{C8D95FA5-A694-4E6D-85D1-FC8E774B5516}"
EndProject
Project("{FAE04EC0-301F-11D3-BF4B-00C04F79EFBC}") = "Split by Word Casing", "Split by Word Casing\Split by Word Casing.csproj", "{84AF6A95-61CC-4F01-A7EF-F2294E806FD3}"
EndProject
Project("{FAE04EC0-301F-11D3-BF4B-00C04F79EFBC}") = "Sort Numbers", "Sort Numbers\Sort Numbers.csproj", "{780417B1-C2AD-461A-B87C-9CA6AE0D1E93}"
EndProject
Project("{FAE04EC0-301F-11D3-BF4B-00C04F79EFBC}") = "Square Numbers", "Square Numbers\Square Numbers.csproj", "{6587846B-212B-4CEA-A965-11E4E0F49DC0}"
EndProject
Project("{FAE04EC0-301F-11D3-BF4B-00C04F79EFBC}") = "Count Numbers", "Count Numbers\Count Numbers.csproj", "{02E48C8E-4FC4-4106-85BD-8DDD071990F9}"
EndProject
Global
	GlobalSection(SolutionConfigurationPlatforms) = preSolution
		Debug|Any CPU = Debug|Any CPU
		Release|Any CPU = Release|Any CPU
	EndGlobalSection
	GlobalSection(ProjectConfigurationPlatforms) = postSolution
		{51CE11C3-EB78-4BEA-9370-2794795E3518}.Debug|Any CPU.ActiveCfg = Debug|Any CPU
		{51CE11C3-EB78-4BEA-9370-2794795E3518}.Debug|Any CPU.Build.0 = Debug|Any CPU
		{51CE11C3-EB78-4BEA-9370-2794795E3518}.Release|Any CPU.ActiveCfg = Release|Any CPU
		{51CE11C3-EB78-4BEA-9370-2794795E3518}.Release|Any CPU.Build.0 = Release|Any CPU
		{6E99E557-C243-47D8-A6D4-7713C99EC05B}.Debug|Any CPU.ActiveCfg = Debug|Any CPU
		{6E99E557-C243-47D8-A6D4-7713C99EC05B}.Debug|Any CPU.Build.0 = Debug|Any CPU
		{6E99E557-C243-47D8-A6D4-7713C99EC05B}.Release|Any CPU.ActiveCfg = Release|Any CPU
		{6E99E557-C243-47D8-A6D4-7713C99EC05B}.Release|Any CPU.Build.0 = Release|Any CPU
		{C8D95FA5-A694-4E6D-85D1-FC8E774B5516}.Debug|Any CPU.ActiveCfg = Debug|Any CPU
		{C8D95FA5-A694-4E6D-85D1-FC8E774B5516}.Debug|Any CPU.Build.0 = Debug|Any CPU
		{C8D95FA5-A694-4E6D-85D1-FC8E774B5516}.Release|Any CPU.ActiveCfg = Release|Any CPU
		{C8D95FA5-A694-4E6D-85D1-FC8E774B5516}.Release|Any CPU.Build.0 = Release|Any CPU
		{84AF6A95-61CC-4F01-A7EF-F2294E806FD3}.Debug|Any CPU.ActiveCfg = Debug|Any CPU
		{84AF6A95-61CC-4F01-A7EF-F2294E806FD3}.Debug|Any CPU.Build.0 = Debug|Any CPU
		{84AF6A95-61CC-4F01-A7EF-F2294E806FD3}.Release|Any CPU.ActiveCfg = Release|Any CPU
		{84AF6A95-61CC-4F01-A7EF-F2294E806FD3}.Release|Any CPU.Build.0 = Release|Any CPU
		{780417B1-C2AD-461A-B87C-9CA6AE0D1E93}.Debug|Any CPU.ActiveCfg = Debug|Any CPU
		{780417B1-C2AD-461A-B87C-9CA6AE0D1E93}.Debug|Any CPU.Build.0 = Debug|Any CPU
		{780417B1-C2AD-461A-B87C-9CA6AE0D1E93}.Release|Any CPU.ActiveCfg = Release|Any CPU
		{780417B1-C2AD-461A-B87C-9CA6AE0D1E93}.Release|Any CPU.Build.0 = Release|Any CPU
		{6587846B-212B-4CEA-A965-11E4E0F49DC0}.Debug|Any CPU.ActiveCfg = Debug|Any CPU
		{6587846B-212B-4CEA-A965-11E4E0F49DC0}.Debug|Any CPU.Build.0 = Debug|Any CPU
		{6587846B-212B-4CEA-A965-11E4E0F49DC0}.Release|Any CPU.ActiveCfg = Release|Any CPU
		{6587846B-212B-4CEA-A965-11E4E0F49DC0}.Release|Any CPU.Build.0 = Release|Any CPU
		{02E48C8E-4FC4-4106-85BD-8DDD071990F9}.Debug|Any CPU.ActiveCfg = Debug|Any CPU
		{02E48C8E-4FC4-4106-85BD-8DDD071990F9}.Debug|Any CPU.Build.0 = Debug|Any CPU
		{02E48C8E-4FC4-4106-85BD-8DDD071990F9}.Release|Any CPU.ActiveCfg = Release|Any CPU
		{02E48C8E-4FC4-4106-85BD-8DDD071990F9}.Release|Any CPU.Build.0 = Release|Any CPU
	EndGlobalSection
	GlobalSection(SolutionProperties) = preSolution
		HideSolutionNode = FALSE
	EndGlobalSection
EndGlobal
