
Microsoft Visual Studio Solution File, Format Version 12.00
# Visual Studio 14
VisualStudioVersion = 14.0.25420.1
MinimumVisualStudioVersion = 10.0.40219.1
Project("{FAE04EC0-301F-11D3-BF4B-00C04F79EFBC}") = "Avatar - 12 July 2017", "Avatar - 12 July 2017\Avatar - 12 July 2017.csproj", "{479DBB02-1B45-4C72-8440-4B6DF9FF7EAB}"
EndProject
Global
	GlobalSection(SolutionConfigurationPlatforms) = preSolution
		Debug|Any CPU = Debug|Any CPU
		Release|Any CPU = Release|Any CPU
	EndGlobalSection
	GlobalSection(ProjectConfigurationPlatforms) = postSolution
		{479DBB02-1B45-4C72-8440-4B6DF9FF7EAB}.Debug|Any CPU.ActiveCfg = Debug|Any CPU
		{479DBB02-1B45-4C72-8440-4B6DF9FF7EAB}.Debug|Any CPU.Build.0 = Debug|Any CPU
		{479DBB02-1B45-4C72-8440-4B6DF9FF7EAB}.Release|Any CPU.ActiveCfg = Release|Any CPU
		{479DBB02-1B45-4C72-8440-4B6DF9FF7EAB}.Release|Any CPU.Build.0 = Release|Any CPU
	EndGlobalSection
	GlobalSection(SolutionProperties) = preSolution
		HideSolutionNode = FALSE
	EndGlobalSection
EndGlobal
