
Microsoft Visual Studio Solution File, Format Version 12.00
# Visual Studio 15
VisualStudioVersion = 15.0.27004.2008
MinimumVisualStudioVersion = 10.0.40219.1
Project("{FAE04EC0-301F-11D3-BF4B-00C04F79EFBC}") = "P01_HospitalDatabase", "P01_HospitalDatabase\P01_HospitalDatabase.csproj", "{1E20FF50-4002-4902-8F84-05E4C5046DCF}"
EndProject
Project("{FAE04EC0-301F-11D3-BF4B-00C04F79EFBC}") = "Hospital_Startup", "Hospital_Startup\Hospital_Startup.csproj", "{A4E27C6F-9A12-4ACB-85C0-5DE1B49896F4}"
EndProject
Project("{9A19103F-16F7-4668-BE54-9A1E7A4F7556}") = "HospitalDatabaseInitializer", "HospitalDatabaseInitializer\HospitalDatabaseInitializer.csproj", "{CF2931FB-0AC0-4246-9A89-960FB34C5D16}"
EndProject
Global
	GlobalSection(SolutionConfigurationPlatforms) = preSolution
		Debug|Any CPU = Debug|Any CPU
		Release|Any CPU = Release|Any CPU
	EndGlobalSection
	GlobalSection(ProjectConfigurationPlatforms) = postSolution
		{1E20FF50-4002-4902-8F84-05E4C5046DCF}.Debug|Any CPU.ActiveCfg = Debug|Any CPU
		{1E20FF50-4002-4902-8F84-05E4C5046DCF}.Debug|Any CPU.Build.0 = Debug|Any CPU
		{1E20FF50-4002-4902-8F84-05E4C5046DCF}.Release|Any CPU.ActiveCfg = Release|Any CPU
		{1E20FF50-4002-4902-8F84-05E4C5046DCF}.Release|Any CPU.Build.0 = Release|Any CPU
		{A4E27C6F-9A12-4ACB-85C0-5DE1B49896F4}.Debug|Any CPU.ActiveCfg = Debug|Any CPU
		{A4E27C6F-9A12-4ACB-85C0-5DE1B49896F4}.Debug|Any CPU.Build.0 = Debug|Any CPU
		{A4E27C6F-9A12-4ACB-85C0-5DE1B49896F4}.Release|Any CPU.ActiveCfg = Release|Any CPU
		{A4E27C6F-9A12-4ACB-85C0-5DE1B49896F4}.Release|Any CPU.Build.0 = Release|Any CPU
		{CF2931FB-0AC0-4246-9A89-960FB34C5D16}.Debug|Any CPU.ActiveCfg = Debug|Any CPU
		{CF2931FB-0AC0-4246-9A89-960FB34C5D16}.Debug|Any CPU.Build.0 = Debug|Any CPU
		{CF2931FB-0AC0-4246-9A89-960FB34C5D16}.Release|Any CPU.ActiveCfg = Release|Any CPU
		{CF2931FB-0AC0-4246-9A89-960FB34C5D16}.Release|Any CPU.Build.0 = Release|Any CPU
	EndGlobalSection
	GlobalSection(SolutionProperties) = preSolution
		HideSolutionNode = FALSE
	EndGlobalSection
	GlobalSection(ExtensibilityGlobals) = postSolution
		SolutionGuid = {90A01C8A-E193-4F45-84ED-D936E4CCB95A}
	EndGlobalSection
EndGlobal
