
Microsoft Visual Studio Solution File, Format Version 12.00
# Visual Studio 15
VisualStudioVersion = 15.0.27130.0
MinimumVisualStudioVersion = 10.0.40219.1
Project("{FAE04EC0-301F-11D3-BF4B-00C04F79EFBC}") = "TeamBuilder.App", "TeamBuilder.App\TeamBuilder.App.csproj", "{8CF3741E-447E-4BCE-B5B2-584DA23E7A02}"
EndProject
Project("{FAE04EC0-301F-11D3-BF4B-00C04F79EFBC}") = "TeamBuilder.Data", "TeamBuilder.Data\TeamBuilder.Data.csproj", "{8719A47D-565A-4FCE-9C43-15CFD3626D61}"
EndProject
Project("{FAE04EC0-301F-11D3-BF4B-00C04F79EFBC}") = "TeamBuilder.Models", "TeamBuilder.Models\TeamBuilder.Models.csproj", "{68780307-1713-4844-BFE4-FAD7BACDB804}"
EndProject
Global
	GlobalSection(SolutionConfigurationPlatforms) = preSolution
		Debug|Any CPU = Debug|Any CPU
		Release|Any CPU = Release|Any CPU
	EndGlobalSection
	GlobalSection(ProjectConfigurationPlatforms) = postSolution
		{8CF3741E-447E-4BCE-B5B2-584DA23E7A02}.Debug|Any CPU.ActiveCfg = Debug|Any CPU
		{8CF3741E-447E-4BCE-B5B2-584DA23E7A02}.Debug|Any CPU.Build.0 = Debug|Any CPU
		{8CF3741E-447E-4BCE-B5B2-584DA23E7A02}.Release|Any CPU.ActiveCfg = Release|Any CPU
		{8CF3741E-447E-4BCE-B5B2-584DA23E7A02}.Release|Any CPU.Build.0 = Release|Any CPU
		{8719A47D-565A-4FCE-9C43-15CFD3626D61}.Debug|Any CPU.ActiveCfg = Debug|Any CPU
		{8719A47D-565A-4FCE-9C43-15CFD3626D61}.Debug|Any CPU.Build.0 = Debug|Any CPU
		{8719A47D-565A-4FCE-9C43-15CFD3626D61}.Release|Any CPU.ActiveCfg = Release|Any CPU
		{8719A47D-565A-4FCE-9C43-15CFD3626D61}.Release|Any CPU.Build.0 = Release|Any CPU
		{68780307-1713-4844-BFE4-FAD7BACDB804}.Debug|Any CPU.ActiveCfg = Debug|Any CPU
		{68780307-1713-4844-BFE4-FAD7BACDB804}.Debug|Any CPU.Build.0 = Debug|Any CPU
		{68780307-1713-4844-BFE4-FAD7BACDB804}.Release|Any CPU.ActiveCfg = Release|Any CPU
		{68780307-1713-4844-BFE4-FAD7BACDB804}.Release|Any CPU.Build.0 = Release|Any CPU
	EndGlobalSection
	GlobalSection(SolutionProperties) = preSolution
		HideSolutionNode = FALSE
	EndGlobalSection
	GlobalSection(ExtensibilityGlobals) = postSolution
		SolutionGuid = {75C3A4D3-1C92-410A-ABBB-14721DD02DFB}
	EndGlobalSection
EndGlobal
