
Microsoft Visual Studio Solution File, Format Version 12.00
# Visual Studio 14
VisualStudioVersion = 14.0.25420.1
MinimumVisualStudioVersion = 10.0.40219.1
Project("{FAE04EC0-301F-11D3-BF4B-00C04F79EFBC}") = "1.ReverseStrings", "1.ReverseStrings\1.ReverseStrings.csproj", "{F4580739-FF13-4EDA-A153-9085F42944EB}"
EndProject
Project("{FAE04EC0-301F-11D3-BF4B-00C04F79EFBC}") = "2.SimpleCalculator", "2.SimpleCalculator\2.SimpleCalculator.csproj", "{37D8EE7D-62ED-4466-9EF4-8D9AEACDE4A2}"
EndProject
Project("{FAE04EC0-301F-11D3-BF4B-00C04F79EFBC}") = "3.DecimalToBinaryConverter", "3.DecimalToBinaryConverter\3.DecimalToBinaryConverter.csproj", "{6F061DCE-EAC6-4110-B391-0549BBFCAF8C}"
EndProject
Project("{FAE04EC0-301F-11D3-BF4B-00C04F79EFBC}") = "4.MatchingBrackets", "4.MatchingBrackets\4.MatchingBrackets.csproj", "{91FFFFA4-5A47-499E-A4D8-A0616AEE1EA5}"
EndProject
Project("{FAE04EC0-301F-11D3-BF4B-00C04F79EFBC}") = "5.HotPotato", "5.HotPotato\5.HotPotato.csproj", "{A76B6763-9F08-4440-B534-7E5899DE9A23}"
EndProject
Project("{FAE04EC0-301F-11D3-BF4B-00C04F79EFBC}") = "6.MathPotato", "6.MathPotato\6.MathPotato.csproj", "{7D3DA831-A7B8-47C5-821F-D4CD50373D05}"
EndProject
Global
	GlobalSection(SolutionConfigurationPlatforms) = preSolution
		Debug|Any CPU = Debug|Any CPU
		Release|Any CPU = Release|Any CPU
	EndGlobalSection
	GlobalSection(ProjectConfigurationPlatforms) = postSolution
		{F4580739-FF13-4EDA-A153-9085F42944EB}.Debug|Any CPU.ActiveCfg = Debug|Any CPU
		{F4580739-FF13-4EDA-A153-9085F42944EB}.Debug|Any CPU.Build.0 = Debug|Any CPU
		{F4580739-FF13-4EDA-A153-9085F42944EB}.Release|Any CPU.ActiveCfg = Release|Any CPU
		{F4580739-FF13-4EDA-A153-9085F42944EB}.Release|Any CPU.Build.0 = Release|Any CPU
		{37D8EE7D-62ED-4466-9EF4-8D9AEACDE4A2}.Debug|Any CPU.ActiveCfg = Debug|Any CPU
		{37D8EE7D-62ED-4466-9EF4-8D9AEACDE4A2}.Debug|Any CPU.Build.0 = Debug|Any CPU
		{37D8EE7D-62ED-4466-9EF4-8D9AEACDE4A2}.Release|Any CPU.ActiveCfg = Release|Any CPU
		{37D8EE7D-62ED-4466-9EF4-8D9AEACDE4A2}.Release|Any CPU.Build.0 = Release|Any CPU
		{6F061DCE-EAC6-4110-B391-0549BBFCAF8C}.Debug|Any CPU.ActiveCfg = Debug|Any CPU
		{6F061DCE-EAC6-4110-B391-0549BBFCAF8C}.Debug|Any CPU.Build.0 = Debug|Any CPU
		{6F061DCE-EAC6-4110-B391-0549BBFCAF8C}.Release|Any CPU.ActiveCfg = Release|Any CPU
		{6F061DCE-EAC6-4110-B391-0549BBFCAF8C}.Release|Any CPU.Build.0 = Release|Any CPU
		{91FFFFA4-5A47-499E-A4D8-A0616AEE1EA5}.Debug|Any CPU.ActiveCfg = Debug|Any CPU
		{91FFFFA4-5A47-499E-A4D8-A0616AEE1EA5}.Debug|Any CPU.Build.0 = Debug|Any CPU
		{91FFFFA4-5A47-499E-A4D8-A0616AEE1EA5}.Release|Any CPU.ActiveCfg = Release|Any CPU
		{91FFFFA4-5A47-499E-A4D8-A0616AEE1EA5}.Release|Any CPU.Build.0 = Release|Any CPU
		{A76B6763-9F08-4440-B534-7E5899DE9A23}.Debug|Any CPU.ActiveCfg = Debug|Any CPU
		{A76B6763-9F08-4440-B534-7E5899DE9A23}.Debug|Any CPU.Build.0 = Debug|Any CPU
		{A76B6763-9F08-4440-B534-7E5899DE9A23}.Release|Any CPU.ActiveCfg = Release|Any CPU
		{A76B6763-9F08-4440-B534-7E5899DE9A23}.Release|Any CPU.Build.0 = Release|Any CPU
		{7D3DA831-A7B8-47C5-821F-D4CD50373D05}.Debug|Any CPU.ActiveCfg = Debug|Any CPU
		{7D3DA831-A7B8-47C5-821F-D4CD50373D05}.Debug|Any CPU.Build.0 = Debug|Any CPU
		{7D3DA831-A7B8-47C5-821F-D4CD50373D05}.Release|Any CPU.ActiveCfg = Release|Any CPU
		{7D3DA831-A7B8-47C5-821F-D4CD50373D05}.Release|Any CPU.Build.0 = Release|Any CPU
	EndGlobalSection
	GlobalSection(SolutionProperties) = preSolution
		HideSolutionNode = FALSE
	EndGlobalSection
EndGlobal
