
Microsoft Visual Studio Solution File, Format Version 12.00
# Visual Studio 14
VisualStudioVersion = 14.0.25420.1
MinimumVisualStudioVersion = 10.0.40219.1
Project("{FAE04EC0-301F-11D3-BF4B-00C04F79EFBC}") = "01. Generic Box", "01. Generic Box\01. Generic Box.csproj", "{B568546F-1D38-4DD3-91E4-6CD663757FC2}"
EndProject
Project("{FAE04EC0-301F-11D3-BF4B-00C04F79EFBC}") = "08. Custom List", "08. Custom List\08. Custom List.csproj", "{05B5AF6F-A280-40CC-8B39-180427B381C0}"
EndProject
Project("{FAE04EC0-301F-11D3-BF4B-00C04F79EFBC}") = "12. Threeuple", "12. Threeuple\12. Threeuple.csproj", "{A1A70452-8C5B-4303-B000-36E312E06D6A}"
EndProject
Project("{FAE04EC0-301F-11D3-BF4B-00C04F79EFBC}") = "11. Tuple", "11. Tuple\11. Tuple.csproj", "{93F34406-5B7D-4E72-BF13-328FADFAEF54}"
EndProject
Global
	GlobalSection(SolutionConfigurationPlatforms) = preSolution
		Debug|Any CPU = Debug|Any CPU
		Release|Any CPU = Release|Any CPU
	EndGlobalSection
	GlobalSection(ProjectConfigurationPlatforms) = postSolution
		{B568546F-1D38-4DD3-91E4-6CD663757FC2}.Debug|Any CPU.ActiveCfg = Debug|Any CPU
		{B568546F-1D38-4DD3-91E4-6CD663757FC2}.Debug|Any CPU.Build.0 = Debug|Any CPU
		{B568546F-1D38-4DD3-91E4-6CD663757FC2}.Release|Any CPU.ActiveCfg = Release|Any CPU
		{B568546F-1D38-4DD3-91E4-6CD663757FC2}.Release|Any CPU.Build.0 = Release|Any CPU
		{05B5AF6F-A280-40CC-8B39-180427B381C0}.Debug|Any CPU.ActiveCfg = Debug|Any CPU
		{05B5AF6F-A280-40CC-8B39-180427B381C0}.Debug|Any CPU.Build.0 = Debug|Any CPU
		{05B5AF6F-A280-40CC-8B39-180427B381C0}.Release|Any CPU.ActiveCfg = Release|Any CPU
		{05B5AF6F-A280-40CC-8B39-180427B381C0}.Release|Any CPU.Build.0 = Release|Any CPU
		{A1A70452-8C5B-4303-B000-36E312E06D6A}.Debug|Any CPU.ActiveCfg = Debug|Any CPU
		{A1A70452-8C5B-4303-B000-36E312E06D6A}.Debug|Any CPU.Build.0 = Debug|Any CPU
		{A1A70452-8C5B-4303-B000-36E312E06D6A}.Release|Any CPU.ActiveCfg = Release|Any CPU
		{A1A70452-8C5B-4303-B000-36E312E06D6A}.Release|Any CPU.Build.0 = Release|Any CPU
		{93F34406-5B7D-4E72-BF13-328FADFAEF54}.Debug|Any CPU.ActiveCfg = Debug|Any CPU
		{93F34406-5B7D-4E72-BF13-328FADFAEF54}.Debug|Any CPU.Build.0 = Debug|Any CPU
		{93F34406-5B7D-4E72-BF13-328FADFAEF54}.Release|Any CPU.ActiveCfg = Release|Any CPU
		{93F34406-5B7D-4E72-BF13-328FADFAEF54}.Release|Any CPU.Build.0 = Release|Any CPU
	EndGlobalSection
	GlobalSection(SolutionProperties) = preSolution
		HideSolutionNode = FALSE
	EndGlobalSection
EndGlobal
