
Microsoft Visual Studio Solution File, Format Version 12.00
# Visual Studio 14
VisualStudioVersion = 14.0.25420.1
MinimumVisualStudioVersion = 10.0.40219.1
Project("{FAE04EC0-301F-11D3-BF4B-00C04F79EFBC}") = "1. Vehicles", "1. Vehicles\1. Vehicles.csproj", "{8637516D-1583-401B-B70A-569B58A4268C}"
EndProject
Project("{FAE04EC0-301F-11D3-BF4B-00C04F79EFBC}") = "2. VehiclesExtension", "2. VehiclesExtension\2. VehiclesExtension.csproj", "{5B942645-84D6-4DD4-BF54-6BDD7C3155FA}"
EndProject
Project("{FAE04EC0-301F-11D3-BF4B-00C04F79EFBC}") = "3. Wild farm", "3. Wild farm\3. Wild farm.csproj", "{18936341-99DF-4940-9724-EA73F13E0454}"
EndProject
Global
	GlobalSection(SolutionConfigurationPlatforms) = preSolution
		Debug|Any CPU = Debug|Any CPU
		Release|Any CPU = Release|Any CPU
	EndGlobalSection
	GlobalSection(ProjectConfigurationPlatforms) = postSolution
		{8637516D-1583-401B-B70A-569B58A4268C}.Debug|Any CPU.ActiveCfg = Debug|Any CPU
		{8637516D-1583-401B-B70A-569B58A4268C}.Debug|Any CPU.Build.0 = Debug|Any CPU
		{8637516D-1583-401B-B70A-569B58A4268C}.Release|Any CPU.ActiveCfg = Release|Any CPU
		{8637516D-1583-401B-B70A-569B58A4268C}.Release|Any CPU.Build.0 = Release|Any CPU
		{5B942645-84D6-4DD4-BF54-6BDD7C3155FA}.Debug|Any CPU.ActiveCfg = Debug|Any CPU
		{5B942645-84D6-4DD4-BF54-6BDD7C3155FA}.Debug|Any CPU.Build.0 = Debug|Any CPU
		{5B942645-84D6-4DD4-BF54-6BDD7C3155FA}.Release|Any CPU.ActiveCfg = Release|Any CPU
		{5B942645-84D6-4DD4-BF54-6BDD7C3155FA}.Release|Any CPU.Build.0 = Release|Any CPU
		{18936341-99DF-4940-9724-EA73F13E0454}.Debug|Any CPU.ActiveCfg = Debug|Any CPU
		{18936341-99DF-4940-9724-EA73F13E0454}.Debug|Any CPU.Build.0 = Debug|Any CPU
		{18936341-99DF-4940-9724-EA73F13E0454}.Release|Any CPU.ActiveCfg = Release|Any CPU
		{18936341-99DF-4940-9724-EA73F13E0454}.Release|Any CPU.Build.0 = Release|Any CPU
	EndGlobalSection
	GlobalSection(SolutionProperties) = preSolution
		HideSolutionNode = FALSE
	EndGlobalSection
EndGlobal
