
Microsoft Visual Studio Solution File, Format Version 12.00
# Visual Studio 14
VisualStudioVersion = 14.0.25420.1
MinimumVisualStudioVersion = 10.0.40219.1
Project("{FAE04EC0-301F-11D3-BF4B-00C04F79EFBC}") = "BashSoft", "BashSoft\BashSoft.csproj", "{28145BCF-5E3C-4D9B-86AC-9CEDCF3847AB}"
EndProject
Project("{FAE04EC0-301F-11D3-BF4B-00C04F79EFBC}") = "BashSoft.Tests", "BashSoft.Tests\BashSoft.Tests.csproj", "{0D40A7A2-1026-4FA8-A5E1-417F51442577}"
EndProject
Global
	GlobalSection(SolutionConfigurationPlatforms) = preSolution
		Debug|Any CPU = Debug|Any CPU
		Release|Any CPU = Release|Any CPU
	EndGlobalSection
	GlobalSection(ProjectConfigurationPlatforms) = postSolution
		{28145BCF-5E3C-4D9B-86AC-9CEDCF3847AB}.Debug|Any CPU.ActiveCfg = Debug|Any CPU
		{28145BCF-5E3C-4D9B-86AC-9CEDCF3847AB}.Debug|Any CPU.Build.0 = Debug|Any CPU
		{28145BCF-5E3C-4D9B-86AC-9CEDCF3847AB}.Release|Any CPU.ActiveCfg = Release|Any CPU
		{28145BCF-5E3C-4D9B-86AC-9CEDCF3847AB}.Release|Any CPU.Build.0 = Release|Any CPU
		{0D40A7A2-1026-4FA8-A5E1-417F51442577}.Debug|Any CPU.ActiveCfg = Debug|Any CPU
		{0D40A7A2-1026-4FA8-A5E1-417F51442577}.Debug|Any CPU.Build.0 = Debug|Any CPU
		{0D40A7A2-1026-4FA8-A5E1-417F51442577}.Release|Any CPU.ActiveCfg = Release|Any CPU
		{0D40A7A2-1026-4FA8-A5E1-417F51442577}.Release|Any CPU.Build.0 = Release|Any CPU
	EndGlobalSection
	GlobalSection(SolutionProperties) = preSolution
		HideSolutionNode = FALSE
	EndGlobalSection
EndGlobal
