
Microsoft Visual Studio Solution File, Format Version 12.00
# Visual Studio 15
VisualStudioVersion = 15.0.27004.2010
MinimumVisualStudioVersion = 10.0.40219.1
Project("{FAE04EC0-301F-11D3-BF4B-00C04F79EFBC}") = "ProductsShop.App", "ProductsShop.App\ProductsShop.App.csproj", "{D87401BF-C792-4B33-A442-994C01ECC9A2}"
EndProject
Project("{FAE04EC0-301F-11D3-BF4B-00C04F79EFBC}") = "ProductsShop.Data", "ProductsShop.Data\ProductsShop.Data.csproj", "{6B93C829-EBAA-41CE-BC49-01728C2CF655}"
EndProject
Project("{FAE04EC0-301F-11D3-BF4B-00C04F79EFBC}") = "ProductsShop.Models", "ProductsShop.Models\ProductsShop.Models.csproj", "{180DD719-7B0E-4D37-9508-A91E8174141C}"
EndProject
Global
	GlobalSection(SolutionConfigurationPlatforms) = preSolution
		Debug|Any CPU = Debug|Any CPU
		Release|Any CPU = Release|Any CPU
	EndGlobalSection
	GlobalSection(ProjectConfigurationPlatforms) = postSolution
		{D87401BF-C792-4B33-A442-994C01ECC9A2}.Debug|Any CPU.ActiveCfg = Debug|Any CPU
		{D87401BF-C792-4B33-A442-994C01ECC9A2}.Debug|Any CPU.Build.0 = Debug|Any CPU
		{D87401BF-C792-4B33-A442-994C01ECC9A2}.Release|Any CPU.ActiveCfg = Release|Any CPU
		{D87401BF-C792-4B33-A442-994C01ECC9A2}.Release|Any CPU.Build.0 = Release|Any CPU
		{6B93C829-EBAA-41CE-BC49-01728C2CF655}.Debug|Any CPU.ActiveCfg = Debug|Any CPU
		{6B93C829-EBAA-41CE-BC49-01728C2CF655}.Debug|Any CPU.Build.0 = Debug|Any CPU
		{6B93C829-EBAA-41CE-BC49-01728C2CF655}.Release|Any CPU.ActiveCfg = Release|Any CPU
		{6B93C829-EBAA-41CE-BC49-01728C2CF655}.Release|Any CPU.Build.0 = Release|Any CPU
		{180DD719-7B0E-4D37-9508-A91E8174141C}.Debug|Any CPU.ActiveCfg = Debug|Any CPU
		{180DD719-7B0E-4D37-9508-A91E8174141C}.Debug|Any CPU.Build.0 = Debug|Any CPU
		{180DD719-7B0E-4D37-9508-A91E8174141C}.Release|Any CPU.ActiveCfg = Release|Any CPU
		{180DD719-7B0E-4D37-9508-A91E8174141C}.Release|Any CPU.Build.0 = Release|Any CPU
	EndGlobalSection
	GlobalSection(SolutionProperties) = preSolution
		HideSolutionNode = FALSE
	EndGlobalSection
	GlobalSection(ExtensibilityGlobals) = postSolution
		SolutionGuid = {FC391392-BA9E-4E86-A0E4-1DF1A5BC2C89}
	EndGlobalSection
EndGlobal
