
Microsoft Visual Studio Solution File, Format Version 12.00
# Visual Studio 15
VisualStudioVersion = 15.0.27004.2005
MinimumVisualStudioVersion = 10.0.40219.1
Project("{FAE04EC0-301F-11D3-BF4B-00C04F79EFBC}") = "1. Class Box", "1. Class Box\1. Class Box.csproj", "{7099EDCE-2EB8-4E18-AD5D-9DC78E53008E}"
EndProject
Project("{FAE04EC0-301F-11D3-BF4B-00C04F79EFBC}") = "3. Shopping Spree", "3. Shopping Spree\3. Shopping Spree.csproj", "{416CD9EB-A738-4300-85CC-AD313D575311}"
EndProject
Project("{FAE04EC0-301F-11D3-BF4B-00C04F79EFBC}") = "4. Pizza Calories", "4. Pizza Calories\4. Pizza Calories.csproj", "{D128DCA3-8A35-44A2-AC3F-4D17F92E2291}"
EndProject
Global
	GlobalSection(SolutionConfigurationPlatforms) = preSolution
		Debug|Any CPU = Debug|Any CPU
		Release|Any CPU = Release|Any CPU
	EndGlobalSection
	GlobalSection(ProjectConfigurationPlatforms) = postSolution
		{7099EDCE-2EB8-4E18-AD5D-9DC78E53008E}.Debug|Any CPU.ActiveCfg = Debug|Any CPU
		{7099EDCE-2EB8-4E18-AD5D-9DC78E53008E}.Debug|Any CPU.Build.0 = Debug|Any CPU
		{7099EDCE-2EB8-4E18-AD5D-9DC78E53008E}.Release|Any CPU.ActiveCfg = Release|Any CPU
		{7099EDCE-2EB8-4E18-AD5D-9DC78E53008E}.Release|Any CPU.Build.0 = Release|Any CPU
		{416CD9EB-A738-4300-85CC-AD313D575311}.Debug|Any CPU.ActiveCfg = Debug|Any CPU
		{416CD9EB-A738-4300-85CC-AD313D575311}.Debug|Any CPU.Build.0 = Debug|Any CPU
		{416CD9EB-A738-4300-85CC-AD313D575311}.Release|Any CPU.ActiveCfg = Release|Any CPU
		{416CD9EB-A738-4300-85CC-AD313D575311}.Release|Any CPU.Build.0 = Release|Any CPU
		{D128DCA3-8A35-44A2-AC3F-4D17F92E2291}.Debug|Any CPU.ActiveCfg = Debug|Any CPU
		{D128DCA3-8A35-44A2-AC3F-4D17F92E2291}.Debug|Any CPU.Build.0 = Debug|Any CPU
		{D128DCA3-8A35-44A2-AC3F-4D17F92E2291}.Release|Any CPU.ActiveCfg = Release|Any CPU
		{D128DCA3-8A35-44A2-AC3F-4D17F92E2291}.Release|Any CPU.Build.0 = Release|Any CPU
	EndGlobalSection
	GlobalSection(SolutionProperties) = preSolution
		HideSolutionNode = FALSE
	EndGlobalSection
	GlobalSection(ExtensibilityGlobals) = postSolution
		SolutionGuid = {76D1686D-493B-466B-AF8B-406BB53D177A}
	EndGlobalSection
EndGlobal
